
Microsoft Visual Studio Solution File, Format Version 12.00
# Visual Studio 2013
VisualStudioVersion = 12.0.40629.0
MinimumVisualStudioVersion = 10.0.40219.1
Project("{FAE04EC0-301F-11D3-BF4B-00C04F79EFBC}") = "Zappr", "Zappr\Zappr.csproj", "{EA77E432-A6E7-4713-AC09-51FCA096F30B}"
EndProject
Global
	GlobalSection(SolutionConfigurationPlatforms) = preSolution
		Ad-Hoc|iPhone = Ad-Hoc|iPhone
		Ad-Hoc|iPhoneSimulator = Ad-Hoc|iPhoneSimulator
		AppStore|iPhone = AppStore|iPhone
		AppStore|iPhoneSimulator = AppStore|iPhoneSimulator
		Debug|iPhone = Debug|iPhone
		Debug|iPhoneSimulator = Debug|iPhoneSimulator
		Release|iPhone = Release|iPhone
		Release|iPhoneSimulator = Release|iPhoneSimulator
	EndGlobalSection
	GlobalSection(ProjectConfigurationPlatforms) = postSolution
		{EA77E432-A6E7-4713-AC09-51FCA096F30B}.Ad-Hoc|iPhone.ActiveCfg = Ad-Hoc|iPhone
		{EA77E432-A6E7-4713-AC09-51FCA096F30B}.Ad-Hoc|iPhone.Build.0 = Ad-Hoc|iPhone
		{EA77E432-A6E7-4713-AC09-51FCA096F30B}.Ad-Hoc|iPhoneSimulator.ActiveCfg = Ad-Hoc|iPhoneSimulator
		{EA77E432-A6E7-4713-AC09-51FCA096F30B}.Ad-Hoc|iPhoneSimulator.Build.0 = Ad-Hoc|iPhoneSimulator
		{EA77E432-A6E7-4713-AC09-51FCA096F30B}.AppStore|iPhone.ActiveCfg = AppStore|iPhone
		{EA77E432-A6E7-4713-AC09-51FCA096F30B}.AppStore|iPhone.Build.0 = AppStore|iPhone
		{EA77E432-A6E7-4713-AC09-51FCA096F30B}.AppStore|iPhoneSimulator.ActiveCfg = AppStore|iPhoneSimulator
		{EA77E432-A6E7-4713-AC09-51FCA096F30B}.AppStore|iPhoneSimulator.Build.0 = AppStore|iPhoneSimulator
		{EA77E432-A6E7-4713-AC09-51FCA096F30B}.Debug|iPhone.ActiveCfg = Debug|iPhone
		{EA77E432-A6E7-4713-AC09-51FCA096F30B}.Debug|iPhone.Build.0 = Debug|iPhone
		{EA77E432-A6E7-4713-AC09-51FCA096F30B}.Debug|iPhoneSimulator.ActiveCfg = Debug|iPhoneSimulator
		{EA77E432-A6E7-4713-AC09-51FCA096F30B}.Debug|iPhoneSimulator.Build.0 = Debug|iPhoneSimulator
		{EA77E432-A6E7-4713-AC09-51FCA096F30B}.Release|iPhone.ActiveCfg = Release|iPhone
		{EA77E432-A6E7-4713-AC09-51FCA096F30B}.Release|iPhone.Build.0 = Release|iPhone
		{EA77E432-A6E7-4713-AC09-51FCA096F30B}.Release|iPhoneSimulator.ActiveCfg = Release|iPhoneSimulator
		{EA77E432-A6E7-4713-AC09-51FCA096F30B}.Release|iPhoneSimulator.Build.0 = Release|iPhoneSimulator
	EndGlobalSection
	GlobalSection(SolutionProperties) = preSolution
		HideSolutionNode = FALSE
	EndGlobalSection
EndGlobal
